
Microsoft Visual Studio Solution File, Format Version 12.00
# Visual Studio Version 16
Project("{2150E333-8FDC-42A3-9474-1A3956D46DE8}") = "CMakePredefinedTargets", "CMakePredefinedTargets", "{F9049B82-DD1E-320A-960E-AA42F1358F2E}"
EndProject
Project("{2150E333-8FDC-42A3-9474-1A3956D46DE8}") = "engine", "engine", "{17329035-B31A-3F6B-A0D7-03EAC29B16A9}"
EndProject
Project("{2150E333-8FDC-42A3-9474-1A3956D46DE8}") = "exts", "exts", "{85CC9089-7C38-3B70-BB6D-3FEEF20CD3BE}"
EndProject
Project("{2150E333-8FDC-42A3-9474-1A3956D46DE8}") = "glew", "exts\glew", "{83302451-4070-3977-9309-F5723A33D02B}"
EndProject
Project("{2150E333-8FDC-42A3-9474-1A3956D46DE8}") = "glfw", "exts\glfw", "{8511348F-64C1-3CE2-B8FC-BF452517FE88}"
EndProject
Project("{2150E333-8FDC-42A3-9474-1A3956D46DE8}") = "imgui", "exts\imgui", "{68EFE710-E106-333A-8F35-F4B1E15F88D5}"
EndProject
Project("{2150E333-8FDC-42A3-9474-1A3956D46DE8}") = "nanovg", "exts\nanovg", "{3D895958-E4C8-3FE6-A133-111A61608815}"
EndProject
Project("{8BC9CEB8-8B4A-11D0-8D11-00A0C91BC942}") = "ALL_BUILD", "ALL_BUILD.vcxproj", "{6088198B-EB4A-3743-AFA1-80F36632D0AA}"
	ProjectSection(ProjectDependencies) = postProject
		{B278E9D0-2798-3AEB-A858-6188636A6B65} = {B278E9D0-2798-3AEB-A858-6188636A6B65}
		{282ED7C0-F61A-369A-9D24-1B6C77E83981} = {282ED7C0-F61A-369A-9D24-1B6C77E83981}
		{CDB0CDF0-53F7-3C98-979C-24DDF7DB0A1D} = {CDB0CDF0-53F7-3C98-979C-24DDF7DB0A1D}
		{8D3D42C8-E1B1-3E36-A470-AB9D8CA09118} = {8D3D42C8-E1B1-3E36-A470-AB9D8CA09118}
		{2F2FE809-3280-36D6-8198-8A79D844DFDD} = {2F2FE809-3280-36D6-8198-8A79D844DFDD}
		{88D74F54-9D56-3574-B0BE-A869C46BF43F} = {88D74F54-9D56-3574-B0BE-A869C46BF43F}
		{707430DF-C053-38DF-9C08-00176AC86B65} = {707430DF-C053-38DF-9C08-00176AC86B65}
		{A7330B06-6E5F-330C-A476-CF3ECB27BBD8} = {A7330B06-6E5F-330C-A476-CF3ECB27BBD8}
	EndProjectSection
EndProject
Project("{8BC9CEB8-8B4A-11D0-8D11-00A0C91BC942}") = "ImGuiExample", "projects\ImGuiExample\ImGuiExample.vcxproj", "{B278E9D0-2798-3AEB-A858-6188636A6B65}"
	ProjectSection(ProjectDependencies) = postProject
		{282ED7C0-F61A-369A-9D24-1B6C77E83981} = {282ED7C0-F61A-369A-9D24-1B6C77E83981}
		{CDB0CDF0-53F7-3C98-979C-24DDF7DB0A1D} = {CDB0CDF0-53F7-3C98-979C-24DDF7DB0A1D}
		{2F2FE809-3280-36D6-8198-8A79D844DFDD} = {2F2FE809-3280-36D6-8198-8A79D844DFDD}
		{88D74F54-9D56-3574-B0BE-A869C46BF43F} = {88D74F54-9D56-3574-B0BE-A869C46BF43F}
		{A7330B06-6E5F-330C-A476-CF3ECB27BBD8} = {A7330B06-6E5F-330C-A476-CF3ECB27BBD8}
	EndProjectSection
EndProject
Project("{8BC9CEB8-8B4A-11D0-8D11-00A0C91BC942}") = "ZERO_CHECK", "ZERO_CHECK.vcxproj", "{282ED7C0-F61A-369A-9D24-1B6C77E83981}"
	ProjectSection(ProjectDependencies) = postProject
	EndProjectSection
EndProject
Project("{8BC9CEB8-8B4A-11D0-8D11-00A0C91BC942}") = "core", "engine\core\core.vcxproj", "{CDB0CDF0-53F7-3C98-979C-24DDF7DB0A1D}"
	ProjectSection(ProjectDependencies) = postProject
		{31628C9B-289D-37C0-B483-B0D94AF93BB4} = {31628C9B-289D-37C0-B483-B0D94AF93BB4}
	EndProjectSection
EndProject
Project("{8BC9CEB8-8B4A-11D0-8D11-00A0C91BC942}") = "example", "projects\example\example.vcxproj", "{8D3D42C8-E1B1-3E36-A470-AB9D8CA09118}"
	ProjectSection(ProjectDependencies) = postProject
		{282ED7C0-F61A-369A-9D24-1B6C77E83981} = {282ED7C0-F61A-369A-9D24-1B6C77E83981}
		{CDB0CDF0-53F7-3C98-979C-24DDF7DB0A1D} = {CDB0CDF0-53F7-3C98-979C-24DDF7DB0A1D}
		{2F2FE809-3280-36D6-8198-8A79D844DFDD} = {2F2FE809-3280-36D6-8198-8A79D844DFDD}
		{88D74F54-9D56-3574-B0BE-A869C46BF43F} = {88D74F54-9D56-3574-B0BE-A869C46BF43F}
		{A7330B06-6E5F-330C-A476-CF3ECB27BBD8} = {A7330B06-6E5F-330C-A476-CF3ECB27BBD8}
	EndProjectSection
EndProject
Project("{8BC9CEB8-8B4A-11D0-8D11-00A0C91BC942}") = "glew", "exts\glew\glew.vcxproj", "{2F2FE809-3280-36D6-8198-8A79D844DFDD}"
	ProjectSection(ProjectDependencies) = postProject
		{282ED7C0-F61A-369A-9D24-1B6C77E83981} = {282ED7C0-F61A-369A-9D24-1B6C77E83981}
	EndProjectSection
EndProject
Project("{8BC9CEB8-8B4A-11D0-8D11-00A0C91BC942}") = "glfw", "exts\glfw\src\glfw.vcxproj", "{88D74F54-9D56-3574-B0BE-A869C46BF43F}"
	ProjectSection(ProjectDependencies) = postProject
		{282ED7C0-F61A-369A-9D24-1B6C77E83981} = {282ED7C0-F61A-369A-9D24-1B6C77E83981}
	EndProjectSection
EndProject
Project("{8BC9CEB8-8B4A-11D0-8D11-00A0C91BC942}") = "imgui", "exts\imgui.vcxproj", "{436F2753-9B4C-3D92-8AE2-62B1784F6B04}"
	ProjectSection(ProjectDependencies) = postProject
		{282ED7C0-F61A-369A-9D24-1B6C77E83981} = {282ED7C0-F61A-369A-9D24-1B6C77E83981}
	EndProjectSection
EndProject
Project("{8BC9CEB8-8B4A-11D0-8D11-00A0C91BC942}") = "math_test", "projects\math_test\math_test.vcxproj", "{707430DF-C053-38DF-9C08-00176AC86B65}"
	ProjectSection(ProjectDependencies) = postProject
		{282ED7C0-F61A-369A-9D24-1B6C77E83981} = {282ED7C0-F61A-369A-9D24-1B6C77E83981}
		{CDB0CDF0-53F7-3C98-979C-24DDF7DB0A1D} = {CDB0CDF0-53F7-3C98-979C-24DDF7DB0A1D}
		{2F2FE809-3280-36D6-8198-8A79D844DFDD} = {2F2FE809-3280-36D6-8198-8A79D844DFDD}
		{88D74F54-9D56-3574-B0BE-A869C46BF43F} = {88D74F54-9D56-3574-B0BE-A869C46BF43F}
		{A7330B06-6E5F-330C-A476-CF3ECB27BBD8} = {A7330B06-6E5F-330C-A476-CF3ECB27BBD8}
	EndProjectSection
EndProject
Project("{8BC9CEB8-8B4A-11D0-8D11-00A0C91BC942}") = "nanovg", "exts\nanovg.vcxproj", "{A7330B06-6E5F-330C-A476-CF3ECB27BBD8}"
	ProjectSection(ProjectDependencies) = postProject
		{436F2753-9B4C-3D92-8AE2-62B1784F6B04} = {436F2753-9B4C-3D92-8AE2-62B1784F6B04}
	EndProjectSection
EndProject
Project("{8BC9CEB8-8B4A-11D0-8D11-00A0C91BC942}") = "render", "engine\render\render.vcxproj", "{31628C9B-289D-37C0-B483-B0D94AF93BB4}"
	ProjectSection(ProjectDependencies) = postProject
		{282ED7C0-F61A-369A-9D24-1B6C77E83981} = {282ED7C0-F61A-369A-9D24-1B6C77E83981}
		{2F2FE809-3280-36D6-8198-8A79D844DFDD} = {2F2FE809-3280-36D6-8198-8A79D844DFDD}
		{88D74F54-9D56-3574-B0BE-A869C46BF43F} = {88D74F54-9D56-3574-B0BE-A869C46BF43F}
		{A7330B06-6E5F-330C-A476-CF3ECB27BBD8} = {A7330B06-6E5F-330C-A476-CF3ECB27BBD8}
	EndProjectSection
EndProject
Global
	GlobalSection(SolutionConfigurationPlatforms) = preSolution
		Debug|x64 = Debug|x64
		Release|x64 = Release|x64
		MinSizeRel|x64 = MinSizeRel|x64
		RelWithDebInfo|x64 = RelWithDebInfo|x64
	EndGlobalSection
	GlobalSection(ProjectConfigurationPlatforms) = postSolution
		{6088198B-EB4A-3743-AFA1-80F36632D0AA}.Debug|x64.ActiveCfg = Debug|x64
		{6088198B-EB4A-3743-AFA1-80F36632D0AA}.Release|x64.ActiveCfg = Release|x64
		{6088198B-EB4A-3743-AFA1-80F36632D0AA}.MinSizeRel|x64.ActiveCfg = MinSizeRel|x64
		{6088198B-EB4A-3743-AFA1-80F36632D0AA}.RelWithDebInfo|x64.ActiveCfg = RelWithDebInfo|x64
		{B278E9D0-2798-3AEB-A858-6188636A6B65}.Debug|x64.ActiveCfg = Debug|x64
		{B278E9D0-2798-3AEB-A858-6188636A6B65}.Debug|x64.Build.0 = Debug|x64
		{B278E9D0-2798-3AEB-A858-6188636A6B65}.Release|x64.ActiveCfg = Release|x64
		{B278E9D0-2798-3AEB-A858-6188636A6B65}.Release|x64.Build.0 = Release|x64
		{B278E9D0-2798-3AEB-A858-6188636A6B65}.MinSizeRel|x64.ActiveCfg = MinSizeRel|x64
		{B278E9D0-2798-3AEB-A858-6188636A6B65}.MinSizeRel|x64.Build.0 = MinSizeRel|x64
		{B278E9D0-2798-3AEB-A858-6188636A6B65}.RelWithDebInfo|x64.ActiveCfg = RelWithDebInfo|x64
		{B278E9D0-2798-3AEB-A858-6188636A6B65}.RelWithDebInfo|x64.Build.0 = RelWithDebInfo|x64
		{282ED7C0-F61A-369A-9D24-1B6C77E83981}.Debug|x64.ActiveCfg = Debug|x64
		{282ED7C0-F61A-369A-9D24-1B6C77E83981}.Debug|x64.Build.0 = Debug|x64
		{282ED7C0-F61A-369A-9D24-1B6C77E83981}.Release|x64.ActiveCfg = Release|x64
		{282ED7C0-F61A-369A-9D24-1B6C77E83981}.Release|x64.Build.0 = Release|x64
		{282ED7C0-F61A-369A-9D24-1B6C77E83981}.MinSizeRel|x64.ActiveCfg = MinSizeRel|x64
		{282ED7C0-F61A-369A-9D24-1B6C77E83981}.MinSizeRel|x64.Build.0 = MinSizeRel|x64
		{282ED7C0-F61A-369A-9D24-1B6C77E83981}.RelWithDebInfo|x64.ActiveCfg = RelWithDebInfo|x64
		{282ED7C0-F61A-369A-9D24-1B6C77E83981}.RelWithDebInfo|x64.Build.0 = RelWithDebInfo|x64
		{CDB0CDF0-53F7-3C98-979C-24DDF7DB0A1D}.Debug|x64.ActiveCfg = Debug|x64
		{CDB0CDF0-53F7-3C98-979C-24DDF7DB0A1D}.Debug|x64.Build.0 = Debug|x64
		{CDB0CDF0-53F7-3C98-979C-24DDF7DB0A1D}.Release|x64.ActiveCfg = Release|x64
		{CDB0CDF0-53F7-3C98-979C-24DDF7DB0A1D}.Release|x64.Build.0 = Release|x64
		{CDB0CDF0-53F7-3C98-979C-24DDF7DB0A1D}.MinSizeRel|x64.ActiveCfg = MinSizeRel|x64
		{CDB0CDF0-53F7-3C98-979C-24DDF7DB0A1D}.MinSizeRel|x64.Build.0 = MinSizeRel|x64
		{CDB0CDF0-53F7-3C98-979C-24DDF7DB0A1D}.RelWithDebInfo|x64.ActiveCfg = RelWithDebInfo|x64
		{CDB0CDF0-53F7-3C98-979C-24DDF7DB0A1D}.RelWithDebInfo|x64.Build.0 = RelWithDebInfo|x64
		{8D3D42C8-E1B1-3E36-A470-AB9D8CA09118}.Debug|x64.ActiveCfg = Debug|x64
		{8D3D42C8-E1B1-3E36-A470-AB9D8CA09118}.Debug|x64.Build.0 = Debug|x64
		{8D3D42C8-E1B1-3E36-A470-AB9D8CA09118}.Release|x64.ActiveCfg = Release|x64
		{8D3D42C8-E1B1-3E36-A470-AB9D8CA09118}.Release|x64.Build.0 = Release|x64
		{8D3D42C8-E1B1-3E36-A470-AB9D8CA09118}.MinSizeRel|x64.ActiveCfg = MinSizeRel|x64
		{8D3D42C8-E1B1-3E36-A470-AB9D8CA09118}.MinSizeRel|x64.Build.0 = MinSizeRel|x64
		{8D3D42C8-E1B1-3E36-A470-AB9D8CA09118}.RelWithDebInfo|x64.ActiveCfg = RelWithDebInfo|x64
		{8D3D42C8-E1B1-3E36-A470-AB9D8CA09118}.RelWithDebInfo|x64.Build.0 = RelWithDebInfo|x64
		{2F2FE809-3280-36D6-8198-8A79D844DFDD}.Debug|x64.ActiveCfg = Debug|x64
		{2F2FE809-3280-36D6-8198-8A79D844DFDD}.Debug|x64.Build.0 = Debug|x64
		{2F2FE809-3280-36D6-8198-8A79D844DFDD}.Release|x64.ActiveCfg = Release|x64
		{2F2FE809-3280-36D6-8198-8A79D844DFDD}.Release|x64.Build.0 = Release|x64
		{2F2FE809-3280-36D6-8198-8A79D844DFDD}.MinSizeRel|x64.ActiveCfg = MinSizeRel|x64
		{2F2FE809-3280-36D6-8198-8A79D844DFDD}.MinSizeRel|x64.Build.0 = MinSizeRel|x64
		{2F2FE809-3280-36D6-8198-8A79D844DFDD}.RelWithDebInfo|x64.ActiveCfg = RelWithDebInfo|x64
		{2F2FE809-3280-36D6-8198-8A79D844DFDD}.RelWithDebInfo|x64.Build.0 = RelWithDebInfo|x64
		{88D74F54-9D56-3574-B0BE-A869C46BF43F}.Debug|x64.ActiveCfg = Debug|x64
		{88D74F54-9D56-3574-B0BE-A869C46BF43F}.Debug|x64.Build.0 = Debug|x64
		{88D74F54-9D56-3574-B0BE-A869C46BF43F}.Release|x64.ActiveCfg = Release|x64
		{88D74F54-9D56-3574-B0BE-A869C46BF43F}.Release|x64.Build.0 = Release|x64
		{88D74F54-9D56-3574-B0BE-A869C46BF43F}.MinSizeRel|x64.ActiveCfg = MinSizeRel|x64
		{88D74F54-9D56-3574-B0BE-A869C46BF43F}.MinSizeRel|x64.Build.0 = MinSizeRel|x64
		{88D74F54-9D56-3574-B0BE-A869C46BF43F}.RelWithDebInfo|x64.ActiveCfg = RelWithDebInfo|x64
		{88D74F54-9D56-3574-B0BE-A869C46BF43F}.RelWithDebInfo|x64.Build.0 = RelWithDebInfo|x64
		{436F2753-9B4C-3D92-8AE2-62B1784F6B04}.Debug|x64.ActiveCfg = Debug|x64
		{436F2753-9B4C-3D92-8AE2-62B1784F6B04}.Debug|x64.Build.0 = Debug|x64
		{436F2753-9B4C-3D92-8AE2-62B1784F6B04}.Release|x64.ActiveCfg = Release|x64
		{436F2753-9B4C-3D92-8AE2-62B1784F6B04}.Release|x64.Build.0 = Release|x64
		{436F2753-9B4C-3D92-8AE2-62B1784F6B04}.MinSizeRel|x64.ActiveCfg = MinSizeRel|x64
		{436F2753-9B4C-3D92-8AE2-62B1784F6B04}.MinSizeRel|x64.Build.0 = MinSizeRel|x64
		{436F2753-9B4C-3D92-8AE2-62B1784F6B04}.RelWithDebInfo|x64.ActiveCfg = RelWithDebInfo|x64
		{436F2753-9B4C-3D92-8AE2-62B1784F6B04}.RelWithDebInfo|x64.Build.0 = RelWithDebInfo|x64
		{707430DF-C053-38DF-9C08-00176AC86B65}.Debug|x64.ActiveCfg = Debug|x64
		{707430DF-C053-38DF-9C08-00176AC86B65}.Debug|x64.Build.0 = Debug|x64
		{707430DF-C053-38DF-9C08-00176AC86B65}.Release|x64.ActiveCfg = Release|x64
		{707430DF-C053-38DF-9C08-00176AC86B65}.Release|x64.Build.0 = Release|x64
		{707430DF-C053-38DF-9C08-00176AC86B65}.MinSizeRel|x64.ActiveCfg = MinSizeRel|x64
		{707430DF-C053-38DF-9C08-00176AC86B65}.MinSizeRel|x64.Build.0 = MinSizeRel|x64
		{707430DF-C053-38DF-9C08-00176AC86B65}.RelWithDebInfo|x64.ActiveCfg = RelWithDebInfo|x64
		{707430DF-C053-38DF-9C08-00176AC86B65}.RelWithDebInfo|x64.Build.0 = RelWithDebInfo|x64
		{A7330B06-6E5F-330C-A476-CF3ECB27BBD8}.Debug|x64.ActiveCfg = Debug|x64
		{A7330B06-6E5F-330C-A476-CF3ECB27BBD8}.Debug|x64.Build.0 = Debug|x64
		{A7330B06-6E5F-330C-A476-CF3ECB27BBD8}.Release|x64.ActiveCfg = Release|x64
		{A7330B06-6E5F-330C-A476-CF3ECB27BBD8}.Release|x64.Build.0 = Release|x64
		{A7330B06-6E5F-330C-A476-CF3ECB27BBD8}.MinSizeRel|x64.ActiveCfg = MinSizeRel|x64
		{A7330B06-6E5F-330C-A476-CF3ECB27BBD8}.MinSizeRel|x64.Build.0 = MinSizeRel|x64
		{A7330B06-6E5F-330C-A476-CF3ECB27BBD8}.RelWithDebInfo|x64.ActiveCfg = RelWithDebInfo|x64
		{A7330B06-6E5F-330C-A476-CF3ECB27BBD8}.RelWithDebInfo|x64.Build.0 = RelWithDebInfo|x64
		{31628C9B-289D-37C0-B483-B0D94AF93BB4}.Debug|x64.ActiveCfg = Debug|x64
		{31628C9B-289D-37C0-B483-B0D94AF93BB4}.Debug|x64.Build.0 = Debug|x64
		{31628C9B-289D-37C0-B483-B0D94AF93BB4}.Release|x64.ActiveCfg = Release|x64
		{31628C9B-289D-37C0-B483-B0D94AF93BB4}.Release|x64.Build.0 = Release|x64
		{31628C9B-289D-37C0-B483-B0D94AF93BB4}.MinSizeRel|x64.ActiveCfg = MinSizeRel|x64
		{31628C9B-289D-37C0-B483-B0D94AF93BB4}.MinSizeRel|x64.Build.0 = MinSizeRel|x64
		{31628C9B-289D-37C0-B483-B0D94AF93BB4}.RelWithDebInfo|x64.ActiveCfg = RelWithDebInfo|x64
		{31628C9B-289D-37C0-B483-B0D94AF93BB4}.RelWithDebInfo|x64.Build.0 = RelWithDebInfo|x64
	EndGlobalSection
	GlobalSection(NestedProjects) = preSolution
		{6088198B-EB4A-3743-AFA1-80F36632D0AA} = {F9049B82-DD1E-320A-960E-AA42F1358F2E}
		{282ED7C0-F61A-369A-9D24-1B6C77E83981} = {F9049B82-DD1E-320A-960E-AA42F1358F2E}
		{CDB0CDF0-53F7-3C98-979C-24DDF7DB0A1D} = {17329035-B31A-3F6B-A0D7-03EAC29B16A9}
		{31628C9B-289D-37C0-B483-B0D94AF93BB4} = {17329035-B31A-3F6B-A0D7-03EAC29B16A9}
		{83302451-4070-3977-9309-F5723A33D02B} = {85CC9089-7C38-3B70-BB6D-3FEEF20CD3BE}
		{8511348F-64C1-3CE2-B8FC-BF452517FE88} = {85CC9089-7C38-3B70-BB6D-3FEEF20CD3BE}
		{68EFE710-E106-333A-8F35-F4B1E15F88D5} = {85CC9089-7C38-3B70-BB6D-3FEEF20CD3BE}
		{3D895958-E4C8-3FE6-A133-111A61608815} = {85CC9089-7C38-3B70-BB6D-3FEEF20CD3BE}
		{2F2FE809-3280-36D6-8198-8A79D844DFDD} = {83302451-4070-3977-9309-F5723A33D02B}
		{88D74F54-9D56-3574-B0BE-A869C46BF43F} = {8511348F-64C1-3CE2-B8FC-BF452517FE88}
		{436F2753-9B4C-3D92-8AE2-62B1784F6B04} = {68EFE710-E106-333A-8F35-F4B1E15F88D5}
		{A7330B06-6E5F-330C-A476-CF3ECB27BBD8} = {3D895958-E4C8-3FE6-A133-111A61608815}
	EndGlobalSection
	GlobalSection(ExtensibilityGlobals) = postSolution
		SolutionGuid = {7823561A-5011-30E3-AEF8-62367A43645A}
	EndGlobalSection
	GlobalSection(ExtensibilityAddIns) = postSolution
	EndGlobalSection
EndGlobal
